// !$*UTF8*$!
{
	archiveVersion = 1;
	classes = {
	};
	objectVersion = 46;
	objects = {

/* Begin PBXBuildFile section */
		B786FE081E7A2E11009C4D0D /* main.cpp in Sources */ = {isa = PBXBuildFile; fileRef = B786FE071E7A2E11009C4D0D /* main.cpp */; };
/* End PBXBuildFile section */

/* Begin PBXCopyFilesBuildPhase section */
		B786FE021E7A2E10009C4D0D /* CopyFiles */ = {
			isa = PBXCopyFilesBuildPhase;
			buildActionMask = 2147483647;
			dstPath = /usr/share/man/man1/;
			dstSubfolderSpec = 0;
			files = (
			);
			runOnlyForDeploymentPostprocessing = 1;
		};
/* End PBXCopyFilesBuildPhase section */

/* Begin PBXFileReference section */
		B786FE041E7A2E11009C4D0D /* DengChag */ = {isa = PBXFileReference; explicitFileType = "compiled.mach-o.executable"; includeInIndex = 0; path = DengChag; sourceTree = BUILT_PRODUCTS_DIR; };
		B786FE071E7A2E11009C4D0D /* main.cpp */ = {isa = PBXFileReference; lastKnownFileType = sourcecode.cpp.cpp; path = main.cpp; sourceTree = "<group>"; };
/* End PBXFileReference section */

/* Begin PBXFrameworksBuildPhase section */
		B786FE011E7A2E10009C4D0D /* Frameworks */ = {
			isa = PBXFrameworksBuildPhase;
			buildActionMask = 2147483647;
			files = (
			);
			runOnlyForDeploymentPostprocessing = 0;
		};
/* End PBXFrameworksBuildPhase section */

/* Begin PBXGroup section */
		B786FDFB1E7A2E10009C4D0D = {
			isa = PBXGroup;
			children = (
				B786FE061E7A2E11009C4D0D /* DengChag */,
				B786FE051E7A2E11009C4D0D /* Products */,
			);
			sourceTree = "<group>";
		};
		B786FE051E7A2E11009C4D0D /* Products */ = {
			isa = PBXGroup;
			children = (
				B786FE041E7A2E11009C4D0D /* DengChag */,
			);
			name = Products;
			sourceTree = "<group>";
		};
		B786FE061E7A2E11009C4D0D /* DengChag */ = {
			isa = PBXGroup;
			children = (
				B786FE071E7A2E11009C4D0D /* main.cpp */,
			);
			path = DengChag;
			sourceTree = "<group>";
		};
/* End PBXGroup section */

/* Begin PBXNativeTarget section */
		B786FE031E7A2E10009C4D0D /* DengChag */ = {
			isa = PBXNativeTarget;
			buildConfigurationList = B786FE0B1E7A2E11009C4D0D /* Build configuration list for PBXNativeTarget "DengChag" */;
			buildPhases = (
				B786FE001E7A2E10009C4D0D /* Sources */,
				B786FE011E7A2E10009C4D0D /* Frameworks */,
				B786FE021E7A2E10009C4D0D /* CopyFiles */,
			);
			buildRules = (
			);
			dependencies = (
			);
			name = DengChag;
			productName = DengChag;
			productReference = B786FE041E7A2E11009C4D0D /* DengChag */;
			productType = "com.apple.product-type.tool";
		};
/* End PBXNativeTarget section */

/* Begin PBXProject section */
		B786FDFC1E7A2E10009C4D0D /* Project object */ = {
			isa = PBXProject;
			attributes = {
				LastUpgradeCheck = 0820;
				ORGANIZATIONNAME = Rain;
				TargetAttributes = {
					B786FE031E7A2E10009C4D0D = {
						CreatedOnToolsVersion = 8.2.1;
						DevelopmentTeam = TD5HSLHC56;
						ProvisioningStyle = Automatic;
					};
				};
			};
			buildConfigurationList = B786FDFF1E7A2E10009C4D0D /* Build configuration list for PBXProject "DengChag" */;
			compatibilityVersion = "Xcode 3.2";
			developmentRegion = English;
			hasScannedForEncodings = 0;
			knownRegions = (
				en,
			);
			mainGroup = B786FDFB1E7A2E10009C4D0D;
			productRefGroup = B786FE051E7A2E11009C4D0D /* Products */;
			projectDirPath = "";
			projectRoot = "";
			targets = (
				B786FE031E7A2E10009C4D0D /* DengChag */,
			);
		};
/* End PBXProject section */

/* Begin PBXSourcesBuildPhase section */
		B786FE001E7A2E10009C4D0D /* Sources */ = {
			isa = PBXSourcesBuildPhase;
			buildActionMask = 2147483647;
			files = (
				B786FE081E7A2E11009C4D0D /* main.cpp in Sources */,
			);
			runOnlyForDeploymentPostprocessing = 0;
		};
/* End PBXSourcesBuildPhase section */

/* Begin XCBuildConfiguration section */
		B786FE091E7A2E11009C4D0D /* Debug */ = {
			isa = XCBuildConfiguration;
			buildSettings = {
				ALWAYS_SEARCH_USER_PATHS = NO;
				CLANG_ANALYZER_NONNULL = YES;
				CLANG_CXX_LANGUAGE_STANDARD = "gnu++0x";
				CLANG_CXX_LIBRARY = "libc++";
				CLANG_ENABLE_MODULES = YES;
				CLANG_ENABLE_OBJC_ARC = YES;
				CLANG_WARN_BOOL_CONVERSION = YES;
				CLANG_WARN_CONSTANT_CONVERSION = YES;
				CLANG_WARN_DIRECT_OBJC_ISA_USAGE = YES_ERROR;
				CLANG_WARN_DOCUMENTATION_COMMENTS = YES;
				CLANG_WARN_EMPTY_BODY = YES;
				CLANG_WARN_ENUM_CONVERSION = YES;
				CLANG_WARN_INFINITE_RECURSION = YES;
				CLANG_WARN_INT_CONVERSION = YES;
				CLANG_WARN_OBJC_ROOT_CLASS = YES_ERROR;
				CLANG_WARN_SUSPICIOUS_MOVE = YES;
				CLANG_WARN_UNREACHABLE_CODE = YES;
				CLANG_WARN__DUPLICATE_METHOD_MATCH = YES;
				CODE_SIGN_IDENTITY = "-";
				COPY_PHASE_STRIP = NO;
				DEBUG_INFORMATION_FORMAT = dwarf;
				ENABLE_STRICT_OBJC_MSGSEND = YES;
				ENABLE_TESTABILITY = YES;
				GCC_C_LANGUAGE_STANDARD = gnu99;
				GCC_DYNAMIC_NO_PIC = NO;
				GCC_NO_COMMON_BLOCKS = YES;
				GCC_OPTIMIZATION_LEVEL = 0;
				GCC_PREPROCESSOR_DEFINITIONS = (
					"DEBUG=1",
					"$(inherited)",
				);
				GCC_WARN_64_TO_32_BIT_CONVERSION = YES;
				GCC_WARN_ABOUT_RETURN_TYPE = YES_ERROR;
				GCC_WARN_UNDECLARED_SELECTOR = YES;
				GCC_WARN_UNINITIALIZED_AUTOS = YES_AGGRESSIVE;
				GCC_WARN_UNUSED_FUNCTION = YES;
				GCC_WARN_UNUSED_VARIABLE = YES;
				MACOSX_DEPLOYMENT_TARGET = 10.12;
				MTL_ENABLE_DEBUG_INFO = YES;
				ONLY_ACTIVE_ARCH = YES;
				SDKROOT = macosx;
			};
			name = Debug;
		};
		B786FE0A1E7A2E11009C4D0D /* Release */ = {
			isa = XCBuildConfiguration;
			buildSettings = {
				ALWAYS_SEARCH_USER_PATHS = NO;
				CLANG_ANALYZER_NONNULL = YES;
				CLANG_CXX_LANGUAGE_STANDARD = "gnu++0x";
				CLANG_CXX_LIBRARY = "libc++";
				CLANG_ENABLE_MODULES = YES;
				CLANG_ENABLE_OBJC_ARC = YES;
				CLANG_WARN_BOOL_CONVERSION = YES;
				CLANG_WARN_CONSTANT_CONVERSION = YES;
				CLANG_WARN_DIRECT_OBJC_ISA_USAGE = YES_ERROR;
				CLANG_WARN_DOCUMENTATION_COMMENTS = YES;
				CLANG_WARN_EMPTY_BODY = YES;
				CLANG_WARN_ENUM_CONVERSION = YES;
				CLANG_WARN_INFINITE_RECURSION = YES;
				CLANG_WARN_INT_CONVERSION = YES;
				CLANG_WARN_OBJC_ROOT_CLASS = YES_ERROR;
				CLANG_WARN_SUSPICIOUS_MOVE = YES;
				CLANG_WARN_UNREACHABLE_CODE = YES;
				CLANG_WARN__DUPLICATE_METHOD_MATCH = YES;
				CODE_SIGN_IDENTITY = "-";
				COPY_PHASE_STRIP = NO;
				DEBUG_INFORMATION_FORMAT = "dwarf-with-dsym";
				ENABLE_NS_ASSERTIONS = NO;
				ENABLE_STRICT_OBJC_MSGSEND = YES;
				GCC_C_LANGUAGE_STANDARD = gnu99;
				GCC_NO_COMMON_BLOCKS = YES;
				GCC_WARN_64_TO_32_BIT_CONVERSION = YES;
				GCC_WARN_ABOUT_RETURN_TYPE = YES_ERROR;
				GCC_WARN_UNDECLARED_SELECTOR = YES;
				GCC_WARN_UNINITIALIZED_AUTOS = YES_AGGRESSIVE;
				GCC_WARN_UNUSED_FUNCTION = YES;
				GCC_WARN_UNUSED_VARIABLE = YES;
				MACOSX_DEPLOYMENT_TARGET = 10.12;
				MTL_ENABLE_DEBUG_INFO = NO;
				SDKROOT = macosx;
			};
			name = Release;
		};
		B786FE0C1E7A2E11009C4D0D /* Debug */ = {
			isa = XCBuildConfiguration;
			buildSettings = {
				DEVELOPMENT_TEAM = TD5HSLHC56;
				PRODUCT_NAME = "$(TARGET_NAME)";
			};
			name = Debug;
		};
		B786FE0D1E7A2E11009C4D0D /* Release */ = {
			isa = XCBuildConfiguration;
			buildSettings = {
				DEVELOPMENT_TEAM = TD5HSLHC56;
				PRODUCT_NAME = "$(TARGET_NAME)";
			};
			name = Release;
		};
/* End XCBuildConfiguration section */

/* Begin XCConfigurationList section */
		B786FDFF1E7A2E10009C4D0D /* Build configuration list for PBXProject "DengChag" */ = {
			isa = XCConfigurationList;
			buildConfigurations = (
				B786FE091E7A2E11009C4D0D /* Debug */,
				B786FE0A1E7A2E11009C4D0D /* Release */,
			);
			defaultConfigurationIsVisible = 0;
			defaultConfigurationName = Release;
		};
		B786FE0B1E7A2E11009C4D0D /* Build configuration list for PBXNativeTarget "DengChag" */ = {
			isa = XCConfigurationList;
			buildConfigurations = (
				B786FE0C1E7A2E11009C4D0D /* Debug */,
				B786FE0D1E7A2E11009C4D0D /* Release */,
			);
			defaultConfigurationIsVisible = 0;
		};
/* End XCConfigurationList section */
	};
	rootObject = B786FDFC1E7A2E10009C4D0D /* Project object */;
}
