// !$*UTF8*$!
{
	archiveVersion = 1;
	classes = {
	};
	objectVersion = 46;
	objects = {

/* Begin PBXBuildFile section */
		B75D7B2F1EA1105B0093DE65 /* main.cpp in Sources */ = {isa = PBXBuildFile; fileRef = B75D7B2E1EA1105B0093DE65 /* main.cpp */; };
/* End PBXBuildFile section */

/* Begin PBXCopyFilesBuildPhase section */
		B75D7B291EA1105B0093DE65 /* CopyFiles */ = {
			isa = PBXCopyFilesBuildPhase;
			buildActionMask = 2147483647;
			dstPath = /usr/share/man/man1/;
			dstSubfolderSpec = 0;
			files = (
			);
			runOnlyForDeploymentPostprocessing = 1;
		};
/* End PBXCopyFilesBuildPhase section */

/* Begin PBXFileReference section */
		B75D7B2B1EA1105B0093DE65 /* Guazi_ArrayRemoveDuplicate */ = {isa = PBXFileReference; explicitFileType = "compiled.mach-o.executable"; includeInIndex = 0; path = Guazi_ArrayRemoveDuplicate; sourceTree = BUILT_PRODUCTS_DIR; };
		B75D7B2E1EA1105B0093DE65 /* main.cpp */ = {isa = PBXFileReference; lastKnownFileType = sourcecode.cpp.cpp; path = main.cpp; sourceTree = "<group>"; };
/* End PBXFileReference section */

/* Begin PBXFrameworksBuildPhase section */
		B75D7B281EA1105B0093DE65 /* Frameworks */ = {
			isa = PBXFrameworksBuildPhase;
			buildActionMask = 2147483647;
			files = (
			);
			runOnlyForDeploymentPostprocessing = 0;
		};
/* End PBXFrameworksBuildPhase section */

/* Begin PBXGroup section */
		B75D7B221EA1105B0093DE65 = {
			isa = PBXGroup;
			children = (
				B75D7B2D1EA1105B0093DE65 /* Guazi_ArrayRemoveDuplicate */,
				B75D7B2C1EA1105B0093DE65 /* Products */,
			);
			sourceTree = "<group>";
		};
		B75D7B2C1EA1105B0093DE65 /* Products */ = {
			isa = PBXGroup;
			children = (
				B75D7B2B1EA1105B0093DE65 /* Guazi_ArrayRemoveDuplicate */,
			);
			name = Products;
			sourceTree = "<group>";
		};
		B75D7B2D1EA1105B0093DE65 /* Guazi_ArrayRemoveDuplicate */ = {
			isa = PBXGroup;
			children = (
				B75D7B2E1EA1105B0093DE65 /* main.cpp */,
			);
			path = Guazi_ArrayRemoveDuplicate;
			sourceTree = "<group>";
		};
/* End PBXGroup section */

/* Begin PBXNativeTarget section */
		B75D7B2A1EA1105B0093DE65 /* Guazi_ArrayRemoveDuplicate */ = {
			isa = PBXNativeTarget;
			buildConfigurationList = B75D7B321EA1105B0093DE65 /* Build configuration list for PBXNativeTarget "Guazi_ArrayRemoveDuplicate" */;
			buildPhases = (
				B75D7B271EA1105B0093DE65 /* Sources */,
				B75D7B281EA1105B0093DE65 /* Frameworks */,
				B75D7B291EA1105B0093DE65 /* CopyFiles */,
			);
			buildRules = (
			);
			dependencies = (
			);
			name = Guazi_ArrayRemoveDuplicate;
			productName = Guazi_ArrayRemoveDuplicate;
			productReference = B75D7B2B1EA1105B0093DE65 /* Guazi_ArrayRemoveDuplicate */;
			productType = "com.apple.product-type.tool";
		};
/* End PBXNativeTarget section */

/* Begin PBXProject section */
		B75D7B231EA1105B0093DE65 /* Project object */ = {
			isa = PBXProject;
			attributes = {
				LastUpgradeCheck = 0830;
				ORGANIZATIONNAME = Rain;
				TargetAttributes = {
					B75D7B2A1EA1105B0093DE65 = {
						CreatedOnToolsVersion = 8.3;
						DevelopmentTeam = TD5HSLHC56;
						ProvisioningStyle = Automatic;
					};
				};
			};
			buildConfigurationList = B75D7B261EA1105B0093DE65 /* Build configuration list for PBXProject "Guazi_ArrayRemoveDuplicate" */;
			compatibilityVersion = "Xcode 3.2";
			developmentRegion = English;
			hasScannedForEncodings = 0;
			knownRegions = (
				en,
			);
			mainGroup = B75D7B221EA1105B0093DE65;
			productRefGroup = B75D7B2C1EA1105B0093DE65 /* Products */;
			projectDirPath = "";
			projectRoot = "";
			targets = (
				B75D7B2A1EA1105B0093DE65 /* Guazi_ArrayRemoveDuplicate */,
			);
		};
/* End PBXProject section */

/* Begin PBXSourcesBuildPhase section */
		B75D7B271EA1105B0093DE65 /* Sources */ = {
			isa = PBXSourcesBuildPhase;
			buildActionMask = 2147483647;
			files = (
				B75D7B2F1EA1105B0093DE65 /* main.cpp in Sources */,
			);
			runOnlyForDeploymentPostprocessing = 0;
		};
/* End PBXSourcesBuildPhase section */

/* Begin XCBuildConfiguration section */
		B75D7B301EA1105B0093DE65 /* Debug */ = {
			isa = XCBuildConfiguration;
			buildSettings = {
				ALWAYS_SEARCH_USER_PATHS = NO;
				CLANG_ANALYZER_NONNULL = YES;
				CLANG_ANALYZER_NUMBER_OBJECT_CONVERSION = YES_AGGRESSIVE;
				CLANG_CXX_LANGUAGE_STANDARD = "gnu++0x";
				CLANG_CXX_LIBRARY = "libc++";
				CLANG_ENABLE_MODULES = YES;
				CLANG_ENABLE_OBJC_ARC = YES;
				CLANG_WARN_BOOL_CONVERSION = YES;
				CLANG_WARN_CONSTANT_CONVERSION = YES;
				CLANG_WARN_DIRECT_OBJC_ISA_USAGE = YES_ERROR;
				CLANG_WARN_DOCUMENTATION_COMMENTS = YES;
				CLANG_WARN_EMPTY_BODY = YES;
				CLANG_WARN_ENUM_CONVERSION = YES;
				CLANG_WARN_INFINITE_RECURSION = YES;
				CLANG_WARN_INT_CONVERSION = YES;
				CLANG_WARN_OBJC_ROOT_CLASS = YES_ERROR;
				CLANG_WARN_SUSPICIOUS_MOVE = YES;
				CLANG_WARN_UNREACHABLE_CODE = YES;
				CLANG_WARN__DUPLICATE_METHOD_MATCH = YES;
				CODE_SIGN_IDENTITY = "-";
				COPY_PHASE_STRIP = NO;
				DEBUG_INFORMATION_FORMAT = dwarf;
				ENABLE_STRICT_OBJC_MSGSEND = YES;
				ENABLE_TESTABILITY = YES;
				GCC_C_LANGUAGE_STANDARD = gnu99;
				GCC_DYNAMIC_NO_PIC = NO;
				GCC_NO_COMMON_BLOCKS = YES;
				GCC_OPTIMIZATION_LEVEL = 0;
				GCC_PREPROCESSOR_DEFINITIONS = (
					"DEBUG=1",
					"$(inherited)",
				);
				GCC_WARN_64_TO_32_BIT_CONVERSION = YES;
				GCC_WARN_ABOUT_RETURN_TYPE = YES_ERROR;
				GCC_WARN_UNDECLARED_SELECTOR = YES;
				GCC_WARN_UNINITIALIZED_AUTOS = YES_AGGRESSIVE;
				GCC_WARN_UNUSED_FUNCTION = YES;
				GCC_WARN_UNUSED_VARIABLE = YES;
				MACOSX_DEPLOYMENT_TARGET = 10.12;
				MTL_ENABLE_DEBUG_INFO = YES;
				ONLY_ACTIVE_ARCH = YES;
				SDKROOT = macosx;
			};
			name = Debug;
		};
		B75D7B311EA1105B0093DE65 /* Release */ = {
			isa = XCBuildConfiguration;
			buildSettings = {
				ALWAYS_SEARCH_USER_PATHS = NO;
				CLANG_ANALYZER_NONNULL = YES;
				CLANG_ANALYZER_NUMBER_OBJECT_CONVERSION = YES_AGGRESSIVE;
				CLANG_CXX_LANGUAGE_STANDARD = "gnu++0x";
				CLANG_CXX_LIBRARY = "libc++";
				CLANG_ENABLE_MODULES = YES;
				CLANG_ENABLE_OBJC_ARC = YES;
				CLANG_WARN_BOOL_CONVERSION = YES;
				CLANG_WARN_CONSTANT_CONVERSION = YES;
				CLANG_WARN_DIRECT_OBJC_ISA_USAGE = YES_ERROR;
				CLANG_WARN_DOCUMENTATION_COMMENTS = YES;
				CLANG_WARN_EMPTY_BODY = YES;
				CLANG_WARN_ENUM_CONVERSION = YES;
				CLANG_WARN_INFINITE_RECURSION = YES;
				CLANG_WARN_INT_CONVERSION = YES;
				CLANG_WARN_OBJC_ROOT_CLASS = YES_ERROR;
				CLANG_WARN_SUSPICIOUS_MOVE = YES;
				CLANG_WARN_UNREACHABLE_CODE = YES;
				CLANG_WARN__DUPLICATE_METHOD_MATCH = YES;
				CODE_SIGN_IDENTITY = "-";
				COPY_PHASE_STRIP = NO;
				DEBUG_INFORMATION_FORMAT = "dwarf-with-dsym";
				ENABLE_NS_ASSERTIONS = NO;
				ENABLE_STRICT_OBJC_MSGSEND = YES;
				GCC_C_LANGUAGE_STANDARD = gnu99;
				GCC_NO_COMMON_BLOCKS = YES;
				GCC_WARN_64_TO_32_BIT_CONVERSION = YES;
				GCC_WARN_ABOUT_RETURN_TYPE = YES_ERROR;
				GCC_WARN_UNDECLARED_SELECTOR = YES;
				GCC_WARN_UNINITIALIZED_AUTOS = YES_AGGRESSIVE;
				GCC_WARN_UNUSED_FUNCTION = YES;
				GCC_WARN_UNUSED_VARIABLE = YES;
				MACOSX_DEPLOYMENT_TARGET = 10.12;
				MTL_ENABLE_DEBUG_INFO = NO;
				SDKROOT = macosx;
			};
			name = Release;
		};
		B75D7B331EA1105B0093DE65 /* Debug */ = {
			isa = XCBuildConfiguration;
			buildSettings = {
				DEVELOPMENT_TEAM = TD5HSLHC56;
				PRODUCT_NAME = "$(TARGET_NAME)";
			};
			name = Debug;
		};
		B75D7B341EA1105B0093DE65 /* Release */ = {
			isa = XCBuildConfiguration;
			buildSettings = {
				DEVELOPMENT_TEAM = TD5HSLHC56;
				PRODUCT_NAME = "$(TARGET_NAME)";
			};
			name = Release;
		};
/* End XCBuildConfiguration section */

/* Begin XCConfigurationList section */
		B75D7B261EA1105B0093DE65 /* Build configuration list for PBXProject "Guazi_ArrayRemoveDuplicate" */ = {
			isa = XCConfigurationList;
			buildConfigurations = (
				B75D7B301EA1105B0093DE65 /* Debug */,
				B75D7B311EA1105B0093DE65 /* Release */,
			);
			defaultConfigurationIsVisible = 0;
			defaultConfigurationName = Release;
		};
		B75D7B321EA1105B0093DE65 /* Build configuration list for PBXNativeTarget "Guazi_ArrayRemoveDuplicate" */ = {
			isa = XCConfigurationList;
			buildConfigurations = (
				B75D7B331EA1105B0093DE65 /* Debug */,
				B75D7B341EA1105B0093DE65 /* Release */,
			);
			defaultConfigurationIsVisible = 0;
		};
/* End XCConfigurationList section */
	};
	rootObject = B75D7B231EA1105B0093DE65 /* Project object */;
}
